
Microsoft Visual Studio Solution File, Format Version 12.00
# Visual Studio Version 16
VisualStudioVersion = 16.0.33423.256
MinimumVisualStudioVersion = 10.0.40219.1
Project("{9A19103F-16F7-4668-BE54-9A1E7A4F7556}") = "Day1", "Day1\Day1.csproj", "{0058FFBA-0075-4DC9-BE36-EC6CA1EC2765}"
EndProject
Project("{FAE04EC0-301F-11D3-BF4B-00C04F79EFBC}") = "Day2", "Day2\Day2.csproj", "{0D87B52F-0E8A-40C5-AEE9-A5C07DC019AA}"
EndProject
Project("{FAE04EC0-301F-11D3-BF4B-00C04F79EFBC}") = "Day3", "Day3\Day3.csproj", "{634A8BCC-06FC-4971-92D2-71BB3BCDDA5F}"
EndProject
Project("{FAE04EC0-301F-11D3-BF4B-00C04F79EFBC}") = "Day4", "Day4\Day4.csproj", "{BD05B8F7-5B76-4234-9884-08EEA3194E5F}"
EndProject
Project("{FAE04EC0-301F-11D3-BF4B-00C04F79EFBC}") = "Day5", "Day5\Day5.csproj", "{3D16A448-FC26-4049-A166-F398EBBD8E34}"
EndProject
Project("{FAE04EC0-301F-11D3-BF4B-00C04F79EFBC}") = "Day6", "Day6\Day6.csproj", "{F6BBC2BA-D028-4D09-854A-DC580E408D70}"
EndProject
Global
	GlobalSection(SolutionConfigurationPlatforms) = preSolution
		Debug|Any CPU = Debug|Any CPU
		Release|Any CPU = Release|Any CPU
	EndGlobalSection
	GlobalSection(ProjectConfigurationPlatforms) = postSolution
		{0058FFBA-0075-4DC9-BE36-EC6CA1EC2765}.Debug|Any CPU.ActiveCfg = Debug|Any CPU
		{0058FFBA-0075-4DC9-BE36-EC6CA1EC2765}.Debug|Any CPU.Build.0 = Debug|Any CPU
		{0058FFBA-0075-4DC9-BE36-EC6CA1EC2765}.Release|Any CPU.ActiveCfg = Release|Any CPU
		{0058FFBA-0075-4DC9-BE36-EC6CA1EC2765}.Release|Any CPU.Build.0 = Release|Any CPU
		{0D87B52F-0E8A-40C5-AEE9-A5C07DC019AA}.Debug|Any CPU.ActiveCfg = Debug|Any CPU
		{0D87B52F-0E8A-40C5-AEE9-A5C07DC019AA}.Debug|Any CPU.Build.0 = Debug|Any CPU
		{0D87B52F-0E8A-40C5-AEE9-A5C07DC019AA}.Release|Any CPU.ActiveCfg = Release|Any CPU
		{0D87B52F-0E8A-40C5-AEE9-A5C07DC019AA}.Release|Any CPU.Build.0 = Release|Any CPU
		{634A8BCC-06FC-4971-92D2-71BB3BCDDA5F}.Debug|Any CPU.ActiveCfg = Debug|Any CPU
		{634A8BCC-06FC-4971-92D2-71BB3BCDDA5F}.Debug|Any CPU.Build.0 = Debug|Any CPU
		{634A8BCC-06FC-4971-92D2-71BB3BCDDA5F}.Release|Any CPU.ActiveCfg = Release|Any CPU
		{634A8BCC-06FC-4971-92D2-71BB3BCDDA5F}.Release|Any CPU.Build.0 = Release|Any CPU
		{BD05B8F7-5B76-4234-9884-08EEA3194E5F}.Debug|Any CPU.ActiveCfg = Debug|Any CPU
		{BD05B8F7-5B76-4234-9884-08EEA3194E5F}.Debug|Any CPU.Build.0 = Debug|Any CPU
		{BD05B8F7-5B76-4234-9884-08EEA3194E5F}.Release|Any CPU.ActiveCfg = Release|Any CPU
		{BD05B8F7-5B76-4234-9884-08EEA3194E5F}.Release|Any CPU.Build.0 = Release|Any CPU
		{3D16A448-FC26-4049-A166-F398EBBD8E34}.Debug|Any CPU.ActiveCfg = Debug|Any CPU
		{3D16A448-FC26-4049-A166-F398EBBD8E34}.Debug|Any CPU.Build.0 = Debug|Any CPU
		{3D16A448-FC26-4049-A166-F398EBBD8E34}.Release|Any CPU.ActiveCfg = Release|Any CPU
		{3D16A448-FC26-4049-A166-F398EBBD8E34}.Release|Any CPU.Build.0 = Release|Any CPU
		{F6BBC2BA-D028-4D09-854A-DC580E408D70}.Debug|Any CPU.ActiveCfg = Debug|Any CPU
		{F6BBC2BA-D028-4D09-854A-DC580E408D70}.Debug|Any CPU.Build.0 = Debug|Any CPU
		{F6BBC2BA-D028-4D09-854A-DC580E408D70}.Release|Any CPU.ActiveCfg = Release|Any CPU
		{F6BBC2BA-D028-4D09-854A-DC580E408D70}.Release|Any CPU.Build.0 = Release|Any CPU
	EndGlobalSection
	GlobalSection(SolutionProperties) = preSolution
		HideSolutionNode = FALSE
	EndGlobalSection
	GlobalSection(ExtensibilityGlobals) = postSolution
		SolutionGuid = {8383E0B5-E517-427D-BA2D-82F58814E658}
	EndGlobalSection
EndGlobal
