
Microsoft Visual Studio Solution File, Format Version 12.00
# Visual Studio Version 16
VisualStudioVersion = 16.0.33423.256
MinimumVisualStudioVersion = 10.0.40219.1
Project("{9A19103F-16F7-4668-BE54-9A1E7A4F7556}") = "Day1", "Day1\Day1.csproj", "{0058FFBA-0075-4DC9-BE36-EC6CA1EC2765}"
EndProject
Project("{9A19103F-16F7-4668-BE54-9A1E7A4F7556}") = "Day2", "Day2\Day2.csproj", "{0D87B52F-0E8A-40C5-AEE9-A5C07DC019AA}"
EndProject
Project("{9A19103F-16F7-4668-BE54-9A1E7A4F7556}") = "Day3", "Day3\Day3.csproj", "{634A8BCC-06FC-4971-92D2-71BB3BCDDA5F}"
EndProject
Project("{9A19103F-16F7-4668-BE54-9A1E7A4F7556}") = "Day4", "Day4\Day4.csproj", "{BD05B8F7-5B76-4234-9884-08EEA3194E5F}"
EndProject
Project("{9A19103F-16F7-4668-BE54-9A1E7A4F7556}") = "Day5", "Day5\Day5.csproj", "{3D16A448-FC26-4049-A166-F398EBBD8E34}"
EndProject
Project("{9A19103F-16F7-4668-BE54-9A1E7A4F7556}") = "Day6", "Day6\Day6.csproj", "{F6BBC2BA-D028-4D09-854A-DC580E408D70}"
EndProject
Project("{9A19103F-16F7-4668-BE54-9A1E7A4F7556}") = "Day7", "Day7\Day7.csproj", "{A342BF68-0DFA-48F2-AA0D-60BDBEEC9142}"
EndProject
Project("{9A19103F-16F7-4668-BE54-9A1E7A4F7556}") = "Day8", "Day8\Day8.csproj", "{B49453A2-2A06-4A3F-A424-D78B3DB75FB6}"
EndProject
Project("{9A19103F-16F7-4668-BE54-9A1E7A4F7556}") = "Day9", "Day9\Day9.csproj", "{3CE3048A-91EB-439E-9279-A819094768E8}"
EndProject
Project("{9A19103F-16F7-4668-BE54-9A1E7A4F7556}") = "Day10", "Day10\Day10.csproj", "{5DF793B1-E6C3-4799-9FA4-8061EC014096}"
EndProject
Project("{9A19103F-16F7-4668-BE54-9A1E7A4F7556}") = "Day11", "Day11\Day11.csproj", "{86D8B260-71B2-418A-855C-579A29874929}"
EndProject
Project("{9A19103F-16F7-4668-BE54-9A1E7A4F7556}") = "Day12", "Day12\Day12.csproj", "{08A8B458-D5AA-4823-8C89-48A139C07403}"
EndProject
Project("{FAE04EC0-301F-11D3-BF4B-00C04F79EFBC}") = "Day13", "Day13\Day13.csproj", "{4FEA2E85-9E6E-4CDE-932C-F7361B823E5B}"
EndProject
Global
	GlobalSection(SolutionConfigurationPlatforms) = preSolution
		Debug|Any CPU = Debug|Any CPU
		Release|Any CPU = Release|Any CPU
	EndGlobalSection
	GlobalSection(ProjectConfigurationPlatforms) = postSolution
		{0058FFBA-0075-4DC9-BE36-EC6CA1EC2765}.Debug|Any CPU.ActiveCfg = Debug|Any CPU
		{0058FFBA-0075-4DC9-BE36-EC6CA1EC2765}.Debug|Any CPU.Build.0 = Debug|Any CPU
		{0058FFBA-0075-4DC9-BE36-EC6CA1EC2765}.Release|Any CPU.ActiveCfg = Release|Any CPU
		{0058FFBA-0075-4DC9-BE36-EC6CA1EC2765}.Release|Any CPU.Build.0 = Release|Any CPU
		{0D87B52F-0E8A-40C5-AEE9-A5C07DC019AA}.Debug|Any CPU.ActiveCfg = Debug|Any CPU
		{0D87B52F-0E8A-40C5-AEE9-A5C07DC019AA}.Debug|Any CPU.Build.0 = Debug|Any CPU
		{0D87B52F-0E8A-40C5-AEE9-A5C07DC019AA}.Release|Any CPU.ActiveCfg = Release|Any CPU
		{0D87B52F-0E8A-40C5-AEE9-A5C07DC019AA}.Release|Any CPU.Build.0 = Release|Any CPU
		{634A8BCC-06FC-4971-92D2-71BB3BCDDA5F}.Debug|Any CPU.ActiveCfg = Debug|Any CPU
		{634A8BCC-06FC-4971-92D2-71BB3BCDDA5F}.Debug|Any CPU.Build.0 = Debug|Any CPU
		{634A8BCC-06FC-4971-92D2-71BB3BCDDA5F}.Release|Any CPU.ActiveCfg = Release|Any CPU
		{634A8BCC-06FC-4971-92D2-71BB3BCDDA5F}.Release|Any CPU.Build.0 = Release|Any CPU
		{BD05B8F7-5B76-4234-9884-08EEA3194E5F}.Debug|Any CPU.ActiveCfg = Debug|Any CPU
		{BD05B8F7-5B76-4234-9884-08EEA3194E5F}.Debug|Any CPU.Build.0 = Debug|Any CPU
		{BD05B8F7-5B76-4234-9884-08EEA3194E5F}.Release|Any CPU.ActiveCfg = Release|Any CPU
		{BD05B8F7-5B76-4234-9884-08EEA3194E5F}.Release|Any CPU.Build.0 = Release|Any CPU
		{3D16A448-FC26-4049-A166-F398EBBD8E34}.Debug|Any CPU.ActiveCfg = Debug|Any CPU
		{3D16A448-FC26-4049-A166-F398EBBD8E34}.Debug|Any CPU.Build.0 = Debug|Any CPU
		{3D16A448-FC26-4049-A166-F398EBBD8E34}.Release|Any CPU.ActiveCfg = Release|Any CPU
		{3D16A448-FC26-4049-A166-F398EBBD8E34}.Release|Any CPU.Build.0 = Release|Any CPU
		{F6BBC2BA-D028-4D09-854A-DC580E408D70}.Debug|Any CPU.ActiveCfg = Debug|Any CPU
		{F6BBC2BA-D028-4D09-854A-DC580E408D70}.Debug|Any CPU.Build.0 = Debug|Any CPU
		{F6BBC2BA-D028-4D09-854A-DC580E408D70}.Release|Any CPU.ActiveCfg = Release|Any CPU
		{F6BBC2BA-D028-4D09-854A-DC580E408D70}.Release|Any CPU.Build.0 = Release|Any CPU
		{A342BF68-0DFA-48F2-AA0D-60BDBEEC9142}.Debug|Any CPU.ActiveCfg = Debug|Any CPU
		{A342BF68-0DFA-48F2-AA0D-60BDBEEC9142}.Debug|Any CPU.Build.0 = Debug|Any CPU
		{A342BF68-0DFA-48F2-AA0D-60BDBEEC9142}.Release|Any CPU.ActiveCfg = Release|Any CPU
		{A342BF68-0DFA-48F2-AA0D-60BDBEEC9142}.Release|Any CPU.Build.0 = Release|Any CPU
		{B49453A2-2A06-4A3F-A424-D78B3DB75FB6}.Debug|Any CPU.ActiveCfg = Debug|Any CPU
		{B49453A2-2A06-4A3F-A424-D78B3DB75FB6}.Debug|Any CPU.Build.0 = Debug|Any CPU
		{B49453A2-2A06-4A3F-A424-D78B3DB75FB6}.Release|Any CPU.ActiveCfg = Release|Any CPU
		{B49453A2-2A06-4A3F-A424-D78B3DB75FB6}.Release|Any CPU.Build.0 = Release|Any CPU
		{3CE3048A-91EB-439E-9279-A819094768E8}.Debug|Any CPU.ActiveCfg = Debug|Any CPU
		{3CE3048A-91EB-439E-9279-A819094768E8}.Debug|Any CPU.Build.0 = Debug|Any CPU
		{3CE3048A-91EB-439E-9279-A819094768E8}.Release|Any CPU.ActiveCfg = Release|Any CPU
		{3CE3048A-91EB-439E-9279-A819094768E8}.Release|Any CPU.Build.0 = Release|Any CPU
		{5DF793B1-E6C3-4799-9FA4-8061EC014096}.Debug|Any CPU.ActiveCfg = Debug|Any CPU
		{5DF793B1-E6C3-4799-9FA4-8061EC014096}.Debug|Any CPU.Build.0 = Debug|Any CPU
		{5DF793B1-E6C3-4799-9FA4-8061EC014096}.Release|Any CPU.ActiveCfg = Release|Any CPU
		{5DF793B1-E6C3-4799-9FA4-8061EC014096}.Release|Any CPU.Build.0 = Release|Any CPU
		{86D8B260-71B2-418A-855C-579A29874929}.Debug|Any CPU.ActiveCfg = Debug|Any CPU
		{86D8B260-71B2-418A-855C-579A29874929}.Debug|Any CPU.Build.0 = Debug|Any CPU
		{86D8B260-71B2-418A-855C-579A29874929}.Release|Any CPU.ActiveCfg = Release|Any CPU
		{86D8B260-71B2-418A-855C-579A29874929}.Release|Any CPU.Build.0 = Release|Any CPU
		{08A8B458-D5AA-4823-8C89-48A139C07403}.Debug|Any CPU.ActiveCfg = Debug|Any CPU
		{08A8B458-D5AA-4823-8C89-48A139C07403}.Debug|Any CPU.Build.0 = Debug|Any CPU
		{08A8B458-D5AA-4823-8C89-48A139C07403}.Release|Any CPU.ActiveCfg = Release|Any CPU
		{08A8B458-D5AA-4823-8C89-48A139C07403}.Release|Any CPU.Build.0 = Release|Any CPU
		{4FEA2E85-9E6E-4CDE-932C-F7361B823E5B}.Debug|Any CPU.ActiveCfg = Debug|Any CPU
		{4FEA2E85-9E6E-4CDE-932C-F7361B823E5B}.Debug|Any CPU.Build.0 = Debug|Any CPU
		{4FEA2E85-9E6E-4CDE-932C-F7361B823E5B}.Release|Any CPU.ActiveCfg = Release|Any CPU
		{4FEA2E85-9E6E-4CDE-932C-F7361B823E5B}.Release|Any CPU.Build.0 = Release|Any CPU
	EndGlobalSection
	GlobalSection(SolutionProperties) = preSolution
		HideSolutionNode = FALSE
	EndGlobalSection
	GlobalSection(ExtensibilityGlobals) = postSolution
		SolutionGuid = {8383E0B5-E517-427D-BA2D-82F58814E658}
	EndGlobalSection
EndGlobal
